
Microsoft Visual Studio Solution File, Format Version 12.00
# Visual Studio Version 17
VisualStudioVersion = 17.10.35013.160
MinimumVisualStudioVersion = 10.0.40219.1
Project("{FAE04EC0-301F-11D3-BF4B-00C04F79EFBC}") = "PCoder", "PCoder\PCoder.csproj", "{5AC2AA84-38D0-4DDB-AA3F-D0651048C847}"
EndProject
Project("{FAE04EC0-301F-11D3-BF4B-00C04F79EFBC}") = "PCodes", "PCodes\PCodes.csproj", "{57AAA998-0330-4E19-B23F-F9556C00515E}"
EndProject
Global
	GlobalSection(SolutionConfigurationPlatforms) = preSolution
		Debug|Any CPU = Debug|Any CPU
		Release|Any CPU = Release|Any CPU
	EndGlobalSection
	GlobalSection(ProjectConfigurationPlatforms) = postSolution
		{5AC2AA84-38D0-4DDB-AA3F-D0651048C847}.Debug|Any CPU.ActiveCfg = Debug|Any CPU
		{5AC2AA84-38D0-4DDB-AA3F-D0651048C847}.Debug|Any CPU.Build.0 = Debug|Any CPU
		{5AC2AA84-38D0-4DDB-AA3F-D0651048C847}.Release|Any CPU.ActiveCfg = Release|Any CPU
		{5AC2AA84-38D0-4DDB-AA3F-D0651048C847}.Release|Any CPU.Build.0 = Release|Any CPU
		{57AAA998-0330-4E19-B23F-F9556C00515E}.Debug|Any CPU.ActiveCfg = Debug|Any CPU
		{57AAA998-0330-4E19-B23F-F9556C00515E}.Debug|Any CPU.Build.0 = Debug|Any CPU
		{57AAA998-0330-4E19-B23F-F9556C00515E}.Release|Any CPU.ActiveCfg = Release|Any CPU
		{57AAA998-0330-4E19-B23F-F9556C00515E}.Release|Any CPU.Build.0 = Release|Any CPU
	EndGlobalSection
	GlobalSection(SolutionProperties) = preSolution
		HideSolutionNode = FALSE
	EndGlobalSection
	GlobalSection(ExtensibilityGlobals) = postSolution
		SolutionGuid = {6E763C5C-6199-4600-A0F2-B93590A3BB86}
	EndGlobalSection
EndGlobal
